// !$*UTF8*$!
{
	archiveVersion = 1;
	classes = {
	};
	objectVersion = 46;
	objects = {

/* Begin PBXBuildFile section */
		88F82FE81A2D86ED008596F4 /* AppDelegate.swift in Sources */ = {isa = PBXBuildFile; fileRef = 88F82FE71A2D86ED008596F4 /* AppDelegate.swift */; };
		88F82FEA1A2D86ED008596F4 /* ViewController.swift in Sources */ = {isa = PBXBuildFile; fileRef = 88F82FE91A2D86ED008596F4 /* ViewController.swift */; };
		88F82FED1A2D86ED008596F4 /* Main.storyboard in Resources */ = {isa = PBXBuildFile; fileRef = 88F82FEB1A2D86ED008596F4 /* Main.storyboard */; };
		88F82FEF1A2D86ED008596F4 /* Images.xcassets in Resources */ = {isa = PBXBuildFile; fileRef = 88F82FEE1A2D86ED008596F4 /* Images.xcassets */; };
		88F82FF21A2D86ED008596F4 /* LaunchScreen.xib in Resources */ = {isa = PBXBuildFile; fileRef = 88F82FF01A2D86ED008596F4 /* LaunchScreen.xib */; };
/* End PBXBuildFile section */

/* Begin PBXFileReference section */
		88F82FE21A2D86ED008596F4 /* Example.app */ = {isa = PBXFileReference; explicitFileType = wrapper.application; includeInIndex = 0; path = Example.app; sourceTree = BUILT_PRODUCTS_DIR; };
		88F82FE61A2D86ED008596F4 /* Info.plist */ = {isa = PBXFileReference; lastKnownFileType = text.plist.xml; path = Info.plist; sourceTree = "<group>"; };
		88F82FE71A2D86ED008596F4 /* AppDelegate.swift */ = {isa = PBXFileReference; lastKnownFileType = sourcecode.swift; path = AppDelegate.swift; sourceTree = "<group>"; };
		88F82FE91A2D86ED008596F4 /* ViewController.swift */ = {isa = PBXFileReference; lastKnownFileType = sourcecode.swift; path = ViewController.swift; sourceTree = "<group>"; };
		88F82FEC1A2D86ED008596F4 /* Base */ = {isa = PBXFileReference; lastKnownFileType = file.storyboard; name = Base; path = Base.lproj/Main.storyboard; sourceTree = "<group>"; };
		88F82FEE1A2D86ED008596F4 /* Images.xcassets */ = {isa = PBXFileReference; lastKnownFileType = folder.assetcatalog; path = Images.xcassets; sourceTree = "<group>"; };
		88F82FF11A2D86ED008596F4 /* Base */ = {isa = PBXFileReference; lastKnownFileType = file.xib; name = Base; path = Base.lproj/LaunchScreen.xib; sourceTree = "<group>"; };
/* End PBXFileReference section */

/* Begin PBXFrameworksBuildPhase section */
		88F82FDF1A2D86ED008596F4 /* Frameworks */ = {
			isa = PBXFrameworksBuildPhase;
			buildActionMask = 2147483647;
			files = (
			);
			runOnlyForDeploymentPostprocessing = 0;
		};
/* End PBXFrameworksBuildPhase section */

/* Begin PBXGroup section */
		88F82FD91A2D86ED008596F4 = {
			isa = PBXGroup;
			children = (
				88F82FE41A2D86ED008596F4 /* Example */,
				88F82FE31A2D86ED008596F4 /* Products */,
			);
			sourceTree = "<group>";
		};
		88F82FE31A2D86ED008596F4 /* Products */ = {
			isa = PBXGroup;
			children = (
				88F82FE21A2D86ED008596F4 /* Example.app */,
			);
			name = Products;
			sourceTree = "<group>";
		};
		88F82FE41A2D86ED008596F4 /* Example */ = {
			isa = PBXGroup;
			children = (
				88F82FE71A2D86ED008596F4 /* AppDelegate.swift */,
				88F82FE91A2D86ED008596F4 /* ViewController.swift */,
				88F82FEB1A2D86ED008596F4 /* Main.storyboard */,
				88F82FEE1A2D86ED008596F4 /* Images.xcassets */,
				88F82FF01A2D86ED008596F4 /* LaunchScreen.xib */,
				88F82FE51A2D86ED008596F4 /* Supporting Files */,
			);
			path = Example;
			sourceTree = "<group>";
		};
		88F82FE51A2D86ED008596F4 /* Supporting Files */ = {
			isa = PBXGroup;
			children = (
				88F82FE61A2D86ED008596F4 /* Info.plist */,
			);
			name = "Supporting Files";
			sourceTree = "<group>";
		};
/* End PBXGroup section */

/* Begin PBXNativeTarget section */
		88F82FE11A2D86ED008596F4 /* Example */ = {
			isa = PBXNativeTarget;
			buildConfigurationList = 88F830011A2D86ED008596F4 /* Build configuration list for PBXNativeTarget "Example" */;
			buildPhases = (
				88F82FDE1A2D86ED008596F4 /* Sources */,
				88F82FDF1A2D86ED008596F4 /* Frameworks */,
				88F82FE01A2D86ED008596F4 /* Resources */,
			);
			buildRules = (
			);
			dependencies = (
			);
			name = Example;
			productName = Example;
			productReference = 88F82FE21A2D86ED008596F4 /* Example.app */;
			productType = "com.apple.product-type.application";
		};
/* End PBXNativeTarget section */

/* Begin PBXProject section */
		88F82FDA1A2D86ED008596F4 /* Project object */ = {
			isa = PBXProject;
			attributes = {
				LastUpgradeCheck = 0610;
				ORGANIZATIONNAME = "Jesse Squires";
				TargetAttributes = {
					88F82FE11A2D86ED008596F4 = {
						CreatedOnToolsVersion = 6.1;
					};
				};
			};
			buildConfigurationList = 88F82FDD1A2D86ED008596F4 /* Build configuration list for PBXProject "Example" */;
			compatibilityVersion = "Xcode 3.2";
			developmentRegion = English;
			hasScannedForEncodings = 0;
			knownRegions = (
				en,
				Base,
			);
			mainGroup = 88F82FD91A2D86ED008596F4;
			productRefGroup = 88F82FE31A2D86ED008596F4 /* Products */;
			projectDirPath = "";
			projectRoot = "";
			targets = (
				88F82FE11A2D86ED008596F4 /* Example */,
			);
		};
/* End PBXProject section */

/* Begin PBXResourcesBuildPhase section */
		88F82FE01A2D86ED008596F4 /* Resources */ = {
			isa = PBXResourcesBuildPhase;
			buildActionMask = 2147483647;
			files = (
				88F82FED1A2D86ED008596F4 /* Main.storyboard in Resources */,
				88F82FF21A2D86ED008596F4 /* LaunchScreen.xib in Resources */,
				88F82FEF1A2D86ED008596F4 /* Images.xcassets in Resources */,
			);
			runOnlyForDeploymentPostprocessing = 0;
		};
/* End PBXResourcesBuildPhase section */

/* Begin PBXSourcesBuildPhase section */
		88F82FDE1A2D86ED008596F4 /* Sources */ = {
			isa = PBXSourcesBuildPhase;
			buildActionMask = 2147483647;
			files = (
				88F82FEA1A2D86ED008596F4 /* ViewController.swift in Sources */,
				88F82FE81A2D86ED008596F4 /* AppDelegate.swift in Sources */,
			);
			runOnlyForDeploymentPostprocessing = 0;
		};
/* End PBXSourcesBuildPhase section */

/* Begin PBXVariantGroup section */
		88F82FEB1A2D86ED008596F4 /* Main.storyboard */ = {
			isa = PBXVariantGroup;
			children = (
				88F82FEC1A2D86ED008596F4 /* Base */,
			);
			name = Main.storyboard;
			sourceTree = "<group>";
		};
		88F82FF01A2D86ED008596F4 /* LaunchScreen.xib */ = {
			isa = PBXVariantGroup;
			children = (
				88F82FF11A2D86ED008596F4 /* Base */,
			);
			name = LaunchScreen.xib;
			sourceTree = "<group>";
		};
/* End PBXVariantGroup section */

/* Begin XCBuildConfiguration section */
		88F82FFF1A2D86ED008596F4 /* Debug */ = {
			isa = XCBuildConfiguration;
			buildSettings = {
				ALWAYS_SEARCH_USER_PATHS = NO;
				CLANG_CXX_LANGUAGE_STANDARD = "gnu++0x";
				CLANG_CXX_LIBRARY = "libc++";
				CLANG_ENABLE_MODULES = YES;
				CLANG_ENABLE_OBJC_ARC = YES;
				CLANG_WARN_BOOL_CONVERSION = YES;
				CLANG_WARN_CONSTANT_CONVERSION = YES;
				CLANG_WARN_DIRECT_OBJC_ISA_USAGE = YES_ERROR;
				CLANG_WARN_EMPTY_BODY = YES;
				CLANG_WARN_ENUM_CONVERSION = YES;
				CLANG_WARN_INT_CONVERSION = YES;
				CLANG_WARN_OBJC_ROOT_CLASS = YES_ERROR;
				CLANG_WARN_UNREACHABLE_CODE = YES;
				CLANG_WARN__DUPLICATE_METHOD_MATCH = YES;
				"CODE_SIGN_IDENTITY[sdk=iphoneos*]" = "iPhone Developer";
				COPY_PHASE_STRIP = NO;
				ENABLE_STRICT_OBJC_MSGSEND = YES;
				GCC_C_LANGUAGE_STANDARD = gnu99;
				GCC_DYNAMIC_NO_PIC = NO;
				GCC_OPTIMIZATION_LEVEL = 0;
				GCC_PREPROCESSOR_DEFINITIONS = (
					"DEBUG=1",
					"$(inherited)",
				);
				GCC_SYMBOLS_PRIVATE_EXTERN = NO;
				GCC_WARN_64_TO_32_BIT_CONVERSION = YES;
				GCC_WARN_ABOUT_RETURN_TYPE = YES_ERROR;
				GCC_WARN_UNDECLARED_SELECTOR = YES;
				GCC_WARN_UNINITIALIZED_AUTOS = YES_AGGRESSIVE;
				GCC_WARN_UNUSED_FUNCTION = YES;
				GCC_WARN_UNUSED_VARIABLE = YES;
				IPHONEOS_DEPLOYMENT_TARGET = 8.1;
				MTL_ENABLE_DEBUG_INFO = YES;
				ONLY_ACTIVE_ARCH = YES;
				SDKROOT = iphoneos;
				SWIFT_OPTIMIZATION_LEVEL = "-Onone";
				TARGETED_DEVICE_FAMILY = "1,2";
			};
			name = Debug;
		};
		88F830001A2D86ED008596F4 /* Release */ = {
			isa = XCBuildConfiguration;
			buildSettings = {
				ALWAYS_SEARCH_USER_PATHS = NO;
				CLANG_CXX_LANGUAGE_STANDARD = "gnu++0x";
				CLANG_CXX_LIBRARY = "libc++";
				CLANG_ENABLE_MODULES = YES;
				CLANG_ENABLE_OBJC_ARC = YES;
				CLANG_WARN_BOOL_CONVERSION = YES;
				CLANG_WARN_CONSTANT_CONVERSION = YES;
				CLANG_WARN_DIRECT_OBJC_ISA_USAGE = YES_ERROR;
				CLANG_WARN_EMPTY_BODY = YES;
				CLANG_WARN_ENUM_CONVERSION = YES;
				CLANG_WARN_INT_CONVERSION = YES;
				CLANG_WARN_OBJC_ROOT_CLASS = YES_ERROR;
				CLANG_WARN_UNREACHABLE_CODE = YES;
				CLANG_WARN__DUPLICATE_METHOD_MATCH = YES;
				"CODE_SIGN_IDENTITY[sdk=iphoneos*]" = "iPhone Developer";
				COPY_PHASE_STRIP = YES;
				ENABLE_NS_ASSERTIONS = NO;
				ENABLE_STRICT_OBJC_MSGSEND = YES;
				GCC_C_LANGUAGE_STANDARD = gnu99;
				GCC_WARN_64_TO_32_BIT_CONVERSION = YES;
				GCC_WARN_ABOUT_RETURN_TYPE = YES_ERROR;
				GCC_WARN_UNDECLARED_SELECTOR = YES;
				GCC_WARN_UNINITIALIZED_AUTOS = YES_AGGRESSIVE;
				GCC_WARN_UNUSED_FUNCTION = YES;
				GCC_WARN_UNUSED_VARIABLE = YES;
				IPHONEOS_DEPLOYMENT_TARGET = 8.1;
				MTL_ENABLE_DEBUG_INFO = NO;
				SDKROOT = iphoneos;
				TARGETED_DEVICE_FAMILY = "1,2";
				VALIDATE_PRODUCT = YES;
			};
			name = Release;
		};
		88F830021A2D86ED008596F4 /* Debug */ = {
			isa = XCBuildConfiguration;
			buildSettings = {
				ASSETCATALOG_COMPILER_APPICON_NAME = AppIcon;
				INFOPLIST_FILE = Example/Info.plist;
				LD_RUNPATH_SEARCH_PATHS = "$(inherited) @executable_path/Frameworks";
				PRODUCT_NAME = "$(TARGET_NAME)";
			};
			name = Debug;
		};
		88F830031A2D86ED008596F4 /* Release */ = {
			isa = XCBuildConfiguration;
			buildSettings = {
				ASSETCATALOG_COMPILER_APPICON_NAME = AppIcon;
				INFOPLIST_FILE = Example/Info.plist;
				LD_RUNPATH_SEARCH_PATHS = "$(inherited) @executable_path/Frameworks";
				PRODUCT_NAME = "$(TARGET_NAME)";
			};
			name = Release;
		};
/* End XCBuildConfiguration section */

/* Begin XCConfigurationList section */
		88F82FDD1A2D86ED008596F4 /* Build configuration list for PBXProject "Example" */ = {
			isa = XCConfigurationList;
			buildConfigurations = (
				88F82FFF1A2D86ED008596F4 /* Debug */,
				88F830001A2D86ED008596F4 /* Release */,
			);
			defaultConfigurationIsVisible = 0;
			defaultConfigurationName = Release;
		};
		88F830011A2D86ED008596F4 /* Build configuration list for PBXNativeTarget "Example" */ = {
			isa = XCConfigurationList;
			buildConfigurations = (
				88F830021A2D86ED008596F4 /* Debug */,
				88F830031A2D86ED008596F4 /* Release */,
			);
			defaultConfigurationIsVisible = 0;
		};
/* End XCConfigurationList section */
	};
	rootObject = 88F82FDA1A2D86ED008596F4 /* Project object */;
}
