// !$*UTF8*$!
{
	archiveVersion = 1;
	classes = {
	};
	objectVersion = 46;
	objects = {

/* Begin PBXBuildFile section */
		8861A6831A2D8AEB00845C43 /* NotificationListener.swift in Sources */ = {isa = PBXBuildFile; fileRef = 8861A6821A2D8AEB00845C43 /* NotificationListener.swift */; };
		88F830171A2D88B0008596F4 /* JSQNotificationListenerKit.h in Headers */ = {isa = PBXBuildFile; fileRef = 88F830161A2D88B0008596F4 /* JSQNotificationListenerKit.h */; settings = {ATTRIBUTES = (Public, ); }; };
		88F8301D1A2D88B0008596F4 /* JSQNotificationListenerKit.framework in Frameworks */ = {isa = PBXBuildFile; fileRef = 88F830111A2D88B0008596F4 /* JSQNotificationListenerKit.framework */; };
		88F830241A2D88B0008596F4 /* JSQNotificationListenerKitTests.swift in Sources */ = {isa = PBXBuildFile; fileRef = 88F830231A2D88B0008596F4 /* JSQNotificationListenerKitTests.swift */; };
/* End PBXBuildFile section */

/* Begin PBXContainerItemProxy section */
		88F8301E1A2D88B0008596F4 /* PBXContainerItemProxy */ = {
			isa = PBXContainerItemProxy;
			containerPortal = 88F830081A2D88B0008596F4 /* Project object */;
			proxyType = 1;
			remoteGlobalIDString = 88F830101A2D88B0008596F4;
			remoteInfo = JSQNotificationListenerKit;
		};
/* End PBXContainerItemProxy section */

/* Begin PBXFileReference section */
		8861A6821A2D8AEB00845C43 /* NotificationListener.swift */ = {isa = PBXFileReference; fileEncoding = 4; lastKnownFileType = sourcecode.swift; path = NotificationListener.swift; sourceTree = "<group>"; };
		88F830111A2D88B0008596F4 /* JSQNotificationListenerKit.framework */ = {isa = PBXFileReference; explicitFileType = wrapper.framework; includeInIndex = 0; path = JSQNotificationListenerKit.framework; sourceTree = BUILT_PRODUCTS_DIR; };
		88F830151A2D88B0008596F4 /* Info.plist */ = {isa = PBXFileReference; lastKnownFileType = text.plist.xml; path = Info.plist; sourceTree = "<group>"; };
		88F830161A2D88B0008596F4 /* JSQNotificationListenerKit.h */ = {isa = PBXFileReference; lastKnownFileType = sourcecode.c.h; path = JSQNotificationListenerKit.h; sourceTree = "<group>"; };
		88F8301C1A2D88B0008596F4 /* JSQNotificationListenerKitTests.xctest */ = {isa = PBXFileReference; explicitFileType = wrapper.cfbundle; includeInIndex = 0; path = JSQNotificationListenerKitTests.xctest; sourceTree = BUILT_PRODUCTS_DIR; };
		88F830221A2D88B0008596F4 /* Info.plist */ = {isa = PBXFileReference; lastKnownFileType = text.plist.xml; path = Info.plist; sourceTree = "<group>"; };
		88F830231A2D88B0008596F4 /* JSQNotificationListenerKitTests.swift */ = {isa = PBXFileReference; lastKnownFileType = sourcecode.swift; path = JSQNotificationListenerKitTests.swift; sourceTree = "<group>"; };
/* End PBXFileReference section */

/* Begin PBXFrameworksBuildPhase section */
		88F8300D1A2D88B0008596F4 /* Frameworks */ = {
			isa = PBXFrameworksBuildPhase;
			buildActionMask = 2147483647;
			files = (
			);
			runOnlyForDeploymentPostprocessing = 0;
		};
		88F830191A2D88B0008596F4 /* Frameworks */ = {
			isa = PBXFrameworksBuildPhase;
			buildActionMask = 2147483647;
			files = (
				88F8301D1A2D88B0008596F4 /* JSQNotificationListenerKit.framework in Frameworks */,
			);
			runOnlyForDeploymentPostprocessing = 0;
		};
/* End PBXFrameworksBuildPhase section */

/* Begin PBXGroup section */
		88F830071A2D88B0008596F4 = {
			isa = PBXGroup;
			children = (
				88F830131A2D88B0008596F4 /* JSQNotificationListenerKit */,
				88F830201A2D88B0008596F4 /* JSQNotificationListenerKitTests */,
				88F830121A2D88B0008596F4 /* Products */,
			);
			sourceTree = "<group>";
		};
		88F830121A2D88B0008596F4 /* Products */ = {
			isa = PBXGroup;
			children = (
				88F830111A2D88B0008596F4 /* JSQNotificationListenerKit.framework */,
				88F8301C1A2D88B0008596F4 /* JSQNotificationListenerKitTests.xctest */,
			);
			name = Products;
			sourceTree = "<group>";
		};
		88F830131A2D88B0008596F4 /* JSQNotificationListenerKit */ = {
			isa = PBXGroup;
			children = (
				8861A6821A2D8AEB00845C43 /* NotificationListener.swift */,
				88F830161A2D88B0008596F4 /* JSQNotificationListenerKit.h */,
				88F830141A2D88B0008596F4 /* Supporting Files */,
			);
			path = JSQNotificationListenerKit;
			sourceTree = "<group>";
		};
		88F830141A2D88B0008596F4 /* Supporting Files */ = {
			isa = PBXGroup;
			children = (
				88F830151A2D88B0008596F4 /* Info.plist */,
			);
			name = "Supporting Files";
			sourceTree = "<group>";
		};
		88F830201A2D88B0008596F4 /* JSQNotificationListenerKitTests */ = {
			isa = PBXGroup;
			children = (
				88F830231A2D88B0008596F4 /* JSQNotificationListenerKitTests.swift */,
				88F830211A2D88B0008596F4 /* Supporting Files */,
			);
			path = JSQNotificationListenerKitTests;
			sourceTree = "<group>";
		};
		88F830211A2D88B0008596F4 /* Supporting Files */ = {
			isa = PBXGroup;
			children = (
				88F830221A2D88B0008596F4 /* Info.plist */,
			);
			name = "Supporting Files";
			sourceTree = "<group>";
		};
/* End PBXGroup section */

/* Begin PBXHeadersBuildPhase section */
		88F8300E1A2D88B0008596F4 /* Headers */ = {
			isa = PBXHeadersBuildPhase;
			buildActionMask = 2147483647;
			files = (
				88F830171A2D88B0008596F4 /* JSQNotificationListenerKit.h in Headers */,
			);
			runOnlyForDeploymentPostprocessing = 0;
		};
/* End PBXHeadersBuildPhase section */

/* Begin PBXNativeTarget section */
		88F830101A2D88B0008596F4 /* JSQNotificationListenerKit */ = {
			isa = PBXNativeTarget;
			buildConfigurationList = 88F830271A2D88B0008596F4 /* Build configuration list for PBXNativeTarget "JSQNotificationListenerKit" */;
			buildPhases = (
				88F8300C1A2D88B0008596F4 /* Sources */,
				88F8300D1A2D88B0008596F4 /* Frameworks */,
				88F8300E1A2D88B0008596F4 /* Headers */,
				88F8300F1A2D88B0008596F4 /* Resources */,
			);
			buildRules = (
			);
			dependencies = (
			);
			name = JSQNotificationListenerKit;
			productName = JSQNotificationListenerKit;
			productReference = 88F830111A2D88B0008596F4 /* JSQNotificationListenerKit.framework */;
			productType = "com.apple.product-type.framework";
		};
		88F8301B1A2D88B0008596F4 /* JSQNotificationListenerKitTests */ = {
			isa = PBXNativeTarget;
			buildConfigurationList = 88F8302A1A2D88B0008596F4 /* Build configuration list for PBXNativeTarget "JSQNotificationListenerKitTests" */;
			buildPhases = (
				88F830181A2D88B0008596F4 /* Sources */,
				88F830191A2D88B0008596F4 /* Frameworks */,
				88F8301A1A2D88B0008596F4 /* Resources */,
			);
			buildRules = (
			);
			dependencies = (
				88F8301F1A2D88B0008596F4 /* PBXTargetDependency */,
			);
			name = JSQNotificationListenerKitTests;
			productName = JSQNotificationListenerKitTests;
			productReference = 88F8301C1A2D88B0008596F4 /* JSQNotificationListenerKitTests.xctest */;
			productType = "com.apple.product-type.bundle.unit-test";
		};
/* End PBXNativeTarget section */

/* Begin PBXProject section */
		88F830081A2D88B0008596F4 /* Project object */ = {
			isa = PBXProject;
			attributes = {
				LastUpgradeCheck = 0610;
				ORGANIZATIONNAME = "Jesse Squires";
				TargetAttributes = {
					88F830101A2D88B0008596F4 = {
						CreatedOnToolsVersion = 6.1;
					};
					88F8301B1A2D88B0008596F4 = {
						CreatedOnToolsVersion = 6.1;
					};
				};
			};
			buildConfigurationList = 88F8300B1A2D88B0008596F4 /* Build configuration list for PBXProject "JSQNotificationListenerKit" */;
			compatibilityVersion = "Xcode 3.2";
			developmentRegion = English;
			hasScannedForEncodings = 0;
			knownRegions = (
				en,
			);
			mainGroup = 88F830071A2D88B0008596F4;
			productRefGroup = 88F830121A2D88B0008596F4 /* Products */;
			projectDirPath = "";
			projectRoot = "";
			targets = (
				88F830101A2D88B0008596F4 /* JSQNotificationListenerKit */,
				88F8301B1A2D88B0008596F4 /* JSQNotificationListenerKitTests */,
			);
		};
/* End PBXProject section */

/* Begin PBXResourcesBuildPhase section */
		88F8300F1A2D88B0008596F4 /* Resources */ = {
			isa = PBXResourcesBuildPhase;
			buildActionMask = 2147483647;
			files = (
			);
			runOnlyForDeploymentPostprocessing = 0;
		};
		88F8301A1A2D88B0008596F4 /* Resources */ = {
			isa = PBXResourcesBuildPhase;
			buildActionMask = 2147483647;
			files = (
			);
			runOnlyForDeploymentPostprocessing = 0;
		};
/* End PBXResourcesBuildPhase section */

/* Begin PBXSourcesBuildPhase section */
		88F8300C1A2D88B0008596F4 /* Sources */ = {
			isa = PBXSourcesBuildPhase;
			buildActionMask = 2147483647;
			files = (
				8861A6831A2D8AEB00845C43 /* NotificationListener.swift in Sources */,
			);
			runOnlyForDeploymentPostprocessing = 0;
		};
		88F830181A2D88B0008596F4 /* Sources */ = {
			isa = PBXSourcesBuildPhase;
			buildActionMask = 2147483647;
			files = (
				88F830241A2D88B0008596F4 /* JSQNotificationListenerKitTests.swift in Sources */,
			);
			runOnlyForDeploymentPostprocessing = 0;
		};
/* End PBXSourcesBuildPhase section */

/* Begin PBXTargetDependency section */
		88F8301F1A2D88B0008596F4 /* PBXTargetDependency */ = {
			isa = PBXTargetDependency;
			target = 88F830101A2D88B0008596F4 /* JSQNotificationListenerKit */;
			targetProxy = 88F8301E1A2D88B0008596F4 /* PBXContainerItemProxy */;
		};
/* End PBXTargetDependency section */

/* Begin XCBuildConfiguration section */
		88F830251A2D88B0008596F4 /* Debug */ = {
			isa = XCBuildConfiguration;
			buildSettings = {
				ALWAYS_SEARCH_USER_PATHS = NO;
				CLANG_CXX_LANGUAGE_STANDARD = "gnu++0x";
				CLANG_CXX_LIBRARY = "libc++";
				CLANG_ENABLE_MODULES = YES;
				CLANG_ENABLE_OBJC_ARC = YES;
				CLANG_WARN_BOOL_CONVERSION = YES;
				CLANG_WARN_CONSTANT_CONVERSION = YES;
				CLANG_WARN_DIRECT_OBJC_ISA_USAGE = YES_ERROR;
				CLANG_WARN_EMPTY_BODY = YES;
				CLANG_WARN_ENUM_CONVERSION = YES;
				CLANG_WARN_INT_CONVERSION = YES;
				CLANG_WARN_OBJC_ROOT_CLASS = YES_ERROR;
				CLANG_WARN_UNREACHABLE_CODE = YES;
				CLANG_WARN__DUPLICATE_METHOD_MATCH = YES;
				"CODE_SIGN_IDENTITY[sdk=iphoneos*]" = "iPhone Developer";
				COPY_PHASE_STRIP = NO;
				CURRENT_PROJECT_VERSION = 1;
				ENABLE_STRICT_OBJC_MSGSEND = YES;
				GCC_C_LANGUAGE_STANDARD = gnu99;
				GCC_DYNAMIC_NO_PIC = NO;
				GCC_OPTIMIZATION_LEVEL = 0;
				GCC_PREPROCESSOR_DEFINITIONS = (
					"DEBUG=1",
					"$(inherited)",
				);
				GCC_SYMBOLS_PRIVATE_EXTERN = NO;
				GCC_WARN_64_TO_32_BIT_CONVERSION = YES;
				GCC_WARN_ABOUT_RETURN_TYPE = YES_ERROR;
				GCC_WARN_UNDECLARED_SELECTOR = YES;
				GCC_WARN_UNINITIALIZED_AUTOS = YES_AGGRESSIVE;
				GCC_WARN_UNUSED_FUNCTION = YES;
				GCC_WARN_UNUSED_VARIABLE = YES;
				IPHONEOS_DEPLOYMENT_TARGET = 8.1;
				MTL_ENABLE_DEBUG_INFO = YES;
				ONLY_ACTIVE_ARCH = YES;
				SDKROOT = iphoneos;
				SWIFT_OPTIMIZATION_LEVEL = "-Onone";
				TARGETED_DEVICE_FAMILY = "1,2";
				VERSIONING_SYSTEM = "apple-generic";
				VERSION_INFO_PREFIX = "";
			};
			name = Debug;
		};
		88F830261A2D88B0008596F4 /* Release */ = {
			isa = XCBuildConfiguration;
			buildSettings = {
				ALWAYS_SEARCH_USER_PATHS = NO;
				CLANG_CXX_LANGUAGE_STANDARD = "gnu++0x";
				CLANG_CXX_LIBRARY = "libc++";
				CLANG_ENABLE_MODULES = YES;
				CLANG_ENABLE_OBJC_ARC = YES;
				CLANG_WARN_BOOL_CONVERSION = YES;
				CLANG_WARN_CONSTANT_CONVERSION = YES;
				CLANG_WARN_DIRECT_OBJC_ISA_USAGE = YES_ERROR;
				CLANG_WARN_EMPTY_BODY = YES;
				CLANG_WARN_ENUM_CONVERSION = YES;
				CLANG_WARN_INT_CONVERSION = YES;
				CLANG_WARN_OBJC_ROOT_CLASS = YES_ERROR;
				CLANG_WARN_UNREACHABLE_CODE = YES;
				CLANG_WARN__DUPLICATE_METHOD_MATCH = YES;
				"CODE_SIGN_IDENTITY[sdk=iphoneos*]" = "iPhone Developer";
				COPY_PHASE_STRIP = YES;
				CURRENT_PROJECT_VERSION = 1;
				ENABLE_NS_ASSERTIONS = NO;
				ENABLE_STRICT_OBJC_MSGSEND = YES;
				GCC_C_LANGUAGE_STANDARD = gnu99;
				GCC_WARN_64_TO_32_BIT_CONVERSION = YES;
				GCC_WARN_ABOUT_RETURN_TYPE = YES_ERROR;
				GCC_WARN_UNDECLARED_SELECTOR = YES;
				GCC_WARN_UNINITIALIZED_AUTOS = YES_AGGRESSIVE;
				GCC_WARN_UNUSED_FUNCTION = YES;
				GCC_WARN_UNUSED_VARIABLE = YES;
				IPHONEOS_DEPLOYMENT_TARGET = 8.1;
				MTL_ENABLE_DEBUG_INFO = NO;
				SDKROOT = iphoneos;
				TARGETED_DEVICE_FAMILY = "1,2";
				VALIDATE_PRODUCT = YES;
				VERSIONING_SYSTEM = "apple-generic";
				VERSION_INFO_PREFIX = "";
			};
			name = Release;
		};
		88F830281A2D88B0008596F4 /* Debug */ = {
			isa = XCBuildConfiguration;
			buildSettings = {
				CLANG_ENABLE_MODULES = YES;
				DEFINES_MODULE = YES;
				DYLIB_COMPATIBILITY_VERSION = 1;
				DYLIB_CURRENT_VERSION = 1;
				DYLIB_INSTALL_NAME_BASE = "@rpath";
				INFOPLIST_FILE = JSQNotificationListenerKit/Info.plist;
				INSTALL_PATH = "$(LOCAL_LIBRARY_DIR)/Frameworks";
				LD_RUNPATH_SEARCH_PATHS = "$(inherited) @executable_path/Frameworks @loader_path/Frameworks";
				PRODUCT_NAME = "$(TARGET_NAME)";
				SKIP_INSTALL = YES;
				SWIFT_OPTIMIZATION_LEVEL = "-Onone";
			};
			name = Debug;
		};
		88F830291A2D88B0008596F4 /* Release */ = {
			isa = XCBuildConfiguration;
			buildSettings = {
				CLANG_ENABLE_MODULES = YES;
				DEFINES_MODULE = YES;
				DYLIB_COMPATIBILITY_VERSION = 1;
				DYLIB_CURRENT_VERSION = 1;
				DYLIB_INSTALL_NAME_BASE = "@rpath";
				INFOPLIST_FILE = JSQNotificationListenerKit/Info.plist;
				INSTALL_PATH = "$(LOCAL_LIBRARY_DIR)/Frameworks";
				LD_RUNPATH_SEARCH_PATHS = "$(inherited) @executable_path/Frameworks @loader_path/Frameworks";
				PRODUCT_NAME = "$(TARGET_NAME)";
				SKIP_INSTALL = YES;
			};
			name = Release;
		};
		88F8302B1A2D88B0008596F4 /* Debug */ = {
			isa = XCBuildConfiguration;
			buildSettings = {
				FRAMEWORK_SEARCH_PATHS = (
					"$(SDKROOT)/Developer/Library/Frameworks",
					"$(inherited)",
				);
				GCC_PREPROCESSOR_DEFINITIONS = (
					"DEBUG=1",
					"$(inherited)",
				);
				INFOPLIST_FILE = JSQNotificationListenerKitTests/Info.plist;
				LD_RUNPATH_SEARCH_PATHS = "$(inherited) @executable_path/Frameworks @loader_path/Frameworks";
				PRODUCT_NAME = "$(TARGET_NAME)";
			};
			name = Debug;
		};
		88F8302C1A2D88B0008596F4 /* Release */ = {
			isa = XCBuildConfiguration;
			buildSettings = {
				FRAMEWORK_SEARCH_PATHS = (
					"$(SDKROOT)/Developer/Library/Frameworks",
					"$(inherited)",
				);
				INFOPLIST_FILE = JSQNotificationListenerKitTests/Info.plist;
				LD_RUNPATH_SEARCH_PATHS = "$(inherited) @executable_path/Frameworks @loader_path/Frameworks";
				PRODUCT_NAME = "$(TARGET_NAME)";
			};
			name = Release;
		};
/* End XCBuildConfiguration section */

/* Begin XCConfigurationList section */
		88F8300B1A2D88B0008596F4 /* Build configuration list for PBXProject "JSQNotificationListenerKit" */ = {
			isa = XCConfigurationList;
			buildConfigurations = (
				88F830251A2D88B0008596F4 /* Debug */,
				88F830261A2D88B0008596F4 /* Release */,
			);
			defaultConfigurationIsVisible = 0;
			defaultConfigurationName = Release;
		};
		88F830271A2D88B0008596F4 /* Build configuration list for PBXNativeTarget "JSQNotificationListenerKit" */ = {
			isa = XCConfigurationList;
			buildConfigurations = (
				88F830281A2D88B0008596F4 /* Debug */,
				88F830291A2D88B0008596F4 /* Release */,
			);
			defaultConfigurationIsVisible = 0;
			defaultConfigurationName = Release;
		};
		88F8302A1A2D88B0008596F4 /* Build configuration list for PBXNativeTarget "JSQNotificationListenerKitTests" */ = {
			isa = XCConfigurationList;
			buildConfigurations = (
				88F8302B1A2D88B0008596F4 /* Debug */,
				88F8302C1A2D88B0008596F4 /* Release */,
			);
			defaultConfigurationIsVisible = 0;
			defaultConfigurationName = Release;
		};
/* End XCConfigurationList section */
	};
	rootObject = 88F830081A2D88B0008596F4 /* Project object */;
}
